
Microsoft Visual Studio Solution File, Format Version 12.00
# Visual Studio Version 16
VisualStudioVersion = 16.0.30406.217
MinimumVisualStudioVersion = 10.0.40219.1
Project("{FAE04EC0-301F-11D3-BF4B-00C04F79EFBC}") = "Binary_Converter", "Binary_Converter\Binary_Converter.csproj", "{EC251D77-7629-482E-AFA7-78BFF40487BB}"
EndProject
Global
	GlobalSection(SolutionConfigurationPlatforms) = preSolution
		Debug|Any CPU = Debug|Any CPU
		Release|Any CPU = Release|Any CPU
	EndGlobalSection
	GlobalSection(ProjectConfigurationPlatforms) = postSolution
		{EC251D77-7629-482E-AFA7-78BFF40487BB}.Debug|Any CPU.ActiveCfg = Debug|Any CPU
		{EC251D77-7629-482E-AFA7-78BFF40487BB}.Debug|Any CPU.Build.0 = Debug|Any CPU
		{EC251D77-7629-482E-AFA7-78BFF40487BB}.Release|Any CPU.ActiveCfg = Release|Any CPU
		{EC251D77-7629-482E-AFA7-78BFF40487BB}.Release|Any CPU.Build.0 = Release|Any CPU
	EndGlobalSection
	GlobalSection(SolutionProperties) = preSolution
		HideSolutionNode = FALSE
	EndGlobalSection
	GlobalSection(ExtensibilityGlobals) = postSolution
		SolutionGuid = {F44DEDCB-02A7-4100-9ACC-AD159383DA82}
	EndGlobalSection
EndGlobal
